{
  "version": "3",
  "packages": {
    "specifiers": {
      "npm:preact": "npm:preact@10.23.2"
    },
    "npm": {
      "preact@10.23.2": {
        "integrity": "sha512-kKYfePf9rzKnxOAKDpsWhg/ysrHPqT+yQ7UW4JjdnqjFIeNUnNcEJvhuA8fDenxAGWzUqtd51DfVg7xp/8T9NA==",
        "dependencies": {}
      }
    }
  },
  "remote": {}
}
